// !$*UTF8*$!
{
	archiveVersion = 1;
	classes = {
	};
	objectVersion = 51;
	objects = {

/* Begin PBXBuildFile section */
		33D6DD5C98973ECC41BF41FF /* Pods_Test_TestUITests.framework in Frameworks */ = {isa = PBXBuildFile; fileRef = 0A234AFA25E79E89568A74EE /* Pods_Test_TestUITests.framework */; };
		49A596A524EB94A20056B7F4 /* AppDelegate.swift in Sources */ = {isa = PBXBuildFile; fileRef = 49A596A424EB94A20056B7F4 /* AppDelegate.swift */; };
		49A596A724EB94A20056B7F4 /* ViewController.swift in Sources */ = {isa = PBXBuildFile; fileRef = 49A596A624EB94A20056B7F4 /* ViewController.swift */; };
		49A596AA24EB94A20056B7F4 /* Main.storyboard in Resources */ = {isa = PBXBuildFile; fileRef = 49A596A824EB94A20056B7F4 /* Main.storyboard */; };
		49A596AD24EB94A20056B7F4 /* Test.xcdatamodeld in Sources */ = {isa = PBXBuildFile; fileRef = 49A596AB24EB94A20056B7F4 /* Test.xcdatamodeld */; };
		49A596AF24EB94A50056B7F4 /* Assets.xcassets in Resources */ = {isa = PBXBuildFile; fileRef = 49A596AE24EB94A50056B7F4 /* Assets.xcassets */; };
		49A596B224EB94A50056B7F4 /* LaunchScreen.storyboard in Resources */ = {isa = PBXBuildFile; fileRef = 49A596B024EB94A50056B7F4 /* LaunchScreen.storyboard */; };
		49A596BD24EB94A50056B7F4 /* TestTests.swift in Sources */ = {isa = PBXBuildFile; fileRef = 49A596BC24EB94A50056B7F4 /* TestTests.swift */; };
		49A596C824EB94A50056B7F4 /* TestUITests.swift in Sources */ = {isa = PBXBuildFile; fileRef = 49A596C724EB94A50056B7F4 /* TestUITests.swift */; };
		7CA7764EAA9778EE753C7CD0 /* Pods_TestTests.framework in Frameworks */ = {isa = PBXBuildFile; fileRef = 6C9D85A0C698CAA1612A03C8 /* Pods_TestTests.framework */; };
		C774BA1B9814746095D27B90 /* Pods_Test.framework in Frameworks */ = {isa = PBXBuildFile; fileRef = 691F0D5E957A38FAFCF172AA /* Pods_Test.framework */; };
/* End PBXBuildFile section */

/* Begin PBXContainerItemProxy section */
		49A596B924EB94A50056B7F4 /* PBXContainerItemProxy */ = {
			isa = PBXContainerItemProxy;
			containerPortal = 49A5969924EB94A20056B7F4 /* Project object */;
			proxyType = 1;
			remoteGlobalIDString = 49A596A024EB94A20056B7F4;
			remoteInfo = Test;
		};
		49A596C424EB94A50056B7F4 /* PBXContainerItemProxy */ = {
			isa = PBXContainerItemProxy;
			containerPortal = 49A5969924EB94A20056B7F4 /* Project object */;
			proxyType = 1;
			remoteGlobalIDString = 49A596A024EB94A20056B7F4;
			remoteInfo = Test;
		};
/* End PBXContainerItemProxy section */

/* Begin PBXFileReference section */
		0A234AFA25E79E89568A74EE /* Pods_Test_TestUITests.framework */ = {isa = PBXFileReference; explicitFileType = wrapper.framework; includeInIndex = 0; path = Pods_Test_TestUITests.framework; sourceTree = BUILT_PRODUCTS_DIR; };
		49A596A124EB94A20056B7F4 /* Test.app */ = {isa = PBXFileReference; explicitFileType = wrapper.application; includeInIndex = 0; path = Test.app; sourceTree = BUILT_PRODUCTS_DIR; };
		49A596A424EB94A20056B7F4 /* AppDelegate.swift */ = {isa = PBXFileReference; lastKnownFileType = sourcecode.swift; path = AppDelegate.swift; sourceTree = "<group>"; };
		49A596A624EB94A20056B7F4 /* ViewController.swift */ = {isa = PBXFileReference; lastKnownFileType = sourcecode.swift; path = ViewController.swift; sourceTree = "<group>"; };
		49A596A924EB94A20056B7F4 /* Base */ = {isa = PBXFileReference; lastKnownFileType = file.storyboard; name = Base; path = Base.lproj/Main.storyboard; sourceTree = "<group>"; };
		49A596AC24EB94A20056B7F4 /* Test.xcdatamodel */ = {isa = PBXFileReference; lastKnownFileType = wrapper.xcdatamodel; path = Test.xcdatamodel; sourceTree = "<group>"; };
		49A596AE24EB94A50056B7F4 /* Assets.xcassets */ = {isa = PBXFileReference; lastKnownFileType = folder.assetcatalog; path = Assets.xcassets; sourceTree = "<group>"; };
		49A596B124EB94A50056B7F4 /* Base */ = {isa = PBXFileReference; lastKnownFileType = file.storyboard; name = Base; path = Base.lproj/LaunchScreen.storyboard; sourceTree = "<group>"; };
		49A596B324EB94A50056B7F4 /* Info.plist */ = {isa = PBXFileReference; lastKnownFileType = text.plist.xml; path = Info.plist; sourceTree = "<group>"; };
		49A596B824EB94A50056B7F4 /* TestTests.xctest */ = {isa = PBXFileReference; explicitFileType = wrapper.cfbundle; includeInIndex = 0; path = TestTests.xctest; sourceTree = BUILT_PRODUCTS_DIR; };
		49A596BC24EB94A50056B7F4 /* TestTests.swift */ = {isa = PBXFileReference; lastKnownFileType = sourcecode.swift; path = TestTests.swift; sourceTree = "<group>"; };
		49A596BE24EB94A50056B7F4 /* Info.plist */ = {isa = PBXFileReference; lastKnownFileType = text.plist.xml; path = Info.plist; sourceTree = "<group>"; };
		49A596C324EB94A50056B7F4 /* TestUITests.xctest */ = {isa = PBXFileReference; explicitFileType = wrapper.cfbundle; includeInIndex = 0; path = TestUITests.xctest; sourceTree = BUILT_PRODUCTS_DIR; };
		49A596C724EB94A50056B7F4 /* TestUITests.swift */ = {isa = PBXFileReference; lastKnownFileType = sourcecode.swift; path = TestUITests.swift; sourceTree = "<group>"; };
		49A596C924EB94A50056B7F4 /* Info.plist */ = {isa = PBXFileReference; lastKnownFileType = text.plist.xml; path = Info.plist; sourceTree = "<group>"; };
		63CE45F8BECDA8F2C7A11AB2 /* Pods-Test.debug.xcconfig */ = {isa = PBXFileReference; includeInIndex = 1; lastKnownFileType = text.xcconfig; name = "Pods-Test.debug.xcconfig"; path = "Target Support Files/Pods-Test/Pods-Test.debug.xcconfig"; sourceTree = "<group>"; };
		691F0D5E957A38FAFCF172AA /* Pods_Test.framework */ = {isa = PBXFileReference; explicitFileType = wrapper.framework; includeInIndex = 0; path = Pods_Test.framework; sourceTree = BUILT_PRODUCTS_DIR; };
		6C9D85A0C698CAA1612A03C8 /* Pods_TestTests.framework */ = {isa = PBXFileReference; explicitFileType = wrapper.framework; includeInIndex = 0; path = Pods_TestTests.framework; sourceTree = BUILT_PRODUCTS_DIR; };
		708515239A3E6C1EB3C49AB4 /* Pods-TestTests.release.xcconfig */ = {isa = PBXFileReference; includeInIndex = 1; lastKnownFileType = text.xcconfig; name = "Pods-TestTests.release.xcconfig"; path = "Target Support Files/Pods-TestTests/Pods-TestTests.release.xcconfig"; sourceTree = "<group>"; };
		A47D2F2B9E25621BA49F5867 /* Pods-TestTests.debug.xcconfig */ = {isa = PBXFileReference; includeInIndex = 1; lastKnownFileType = text.xcconfig; name = "Pods-TestTests.debug.xcconfig"; path = "Target Support Files/Pods-TestTests/Pods-TestTests.debug.xcconfig"; sourceTree = "<group>"; };
		D6DA13BE833C651970D29FDC /* Pods-Test-TestUITests.debug.xcconfig */ = {isa = PBXFileReference; includeInIndex = 1; lastKnownFileType = text.xcconfig; name = "Pods-Test-TestUITests.debug.xcconfig"; path = "Target Support Files/Pods-Test-TestUITests/Pods-Test-TestUITests.debug.xcconfig"; sourceTree = "<group>"; };
		E9DF6BB80B4570C81AA63466 /* Pods-Test.release.xcconfig */ = {isa = PBXFileReference; includeInIndex = 1; lastKnownFileType = text.xcconfig; name = "Pods-Test.release.xcconfig"; path = "Target Support Files/Pods-Test/Pods-Test.release.xcconfig"; sourceTree = "<group>"; };
		EE4902652107A1FF94870CF2 /* Pods-Test-TestUITests.release.xcconfig */ = {isa = PBXFileReference; includeInIndex = 1; lastKnownFileType = text.xcconfig; name = "Pods-Test-TestUITests.release.xcconfig"; path = "Target Support Files/Pods-Test-TestUITests/Pods-Test-TestUITests.release.xcconfig"; sourceTree = "<group>"; };
/* End PBXFileReference section */

/* Begin PBXFrameworksBuildPhase section */
		49A5969E24EB94A20056B7F4 /* Frameworks */ = {
			isa = PBXFrameworksBuildPhase;
			buildActionMask = 2147483647;
			files = (
				C774BA1B9814746095D27B90 /* Pods_Test.framework in Frameworks */,
			);
			runOnlyForDeploymentPostprocessing = 0;
		};
		49A596B524EB94A50056B7F4 /* Frameworks */ = {
			isa = PBXFrameworksBuildPhase;
			buildActionMask = 2147483647;
			files = (
				7CA7764EAA9778EE753C7CD0 /* Pods_TestTests.framework in Frameworks */,
			);
			runOnlyForDeploymentPostprocessing = 0;
		};
		49A596C024EB94A50056B7F4 /* Frameworks */ = {
			isa = PBXFrameworksBuildPhase;
			buildActionMask = 2147483647;
			files = (
				33D6DD5C98973ECC41BF41FF /* Pods_Test_TestUITests.framework in Frameworks */,
			);
			runOnlyForDeploymentPostprocessing = 0;
		};
/* End PBXFrameworksBuildPhase section */

/* Begin PBXGroup section */
		49A5969824EB94A20056B7F4 = {
			isa = PBXGroup;
			children = (
				49A596A324EB94A20056B7F4 /* Test */,
				49A596BB24EB94A50056B7F4 /* TestTests */,
				49A596C624EB94A50056B7F4 /* TestUITests */,
				49A596A224EB94A20056B7F4 /* Products */,
				B7C9C43A42ADCC9B44A74634 /* Pods */,
				9F9DA35EB4C860FC421301F0 /* Frameworks */,
			);
			sourceTree = "<group>";
		};
		49A596A224EB94A20056B7F4 /* Products */ = {
			isa = PBXGroup;
			children = (
				49A596A124EB94A20056B7F4 /* Test.app */,
				49A596B824EB94A50056B7F4 /* TestTests.xctest */,
				49A596C324EB94A50056B7F4 /* TestUITests.xctest */,
			);
			name = Products;
			sourceTree = "<group>";
		};
		49A596A324EB94A20056B7F4 /* Test */ = {
			isa = PBXGroup;
			children = (
				49A596A424EB94A20056B7F4 /* AppDelegate.swift */,
				49A596A624EB94A20056B7F4 /* ViewController.swift */,
				49A596A824EB94A20056B7F4 /* Main.storyboard */,
				49A596AE24EB94A50056B7F4 /* Assets.xcassets */,
				49A596B024EB94A50056B7F4 /* LaunchScreen.storyboard */,
				49A596B324EB94A50056B7F4 /* Info.plist */,
				49A596AB24EB94A20056B7F4 /* Test.xcdatamodeld */,
			);
			path = Test;
			sourceTree = "<group>";
		};
		49A596BB24EB94A50056B7F4 /* TestTests */ = {
			isa = PBXGroup;
			children = (
				49A596BC24EB94A50056B7F4 /* TestTests.swift */,
				49A596BE24EB94A50056B7F4 /* Info.plist */,
			);
			path = TestTests;
			sourceTree = "<group>";
		};
		49A596C624EB94A50056B7F4 /* TestUITests */ = {
			isa = PBXGroup;
			children = (
				49A596C724EB94A50056B7F4 /* TestUITests.swift */,
				49A596C924EB94A50056B7F4 /* Info.plist */,
			);
			path = TestUITests;
			sourceTree = "<group>";
		};
		9F9DA35EB4C860FC421301F0 /* Frameworks */ = {
			isa = PBXGroup;
			children = (
				691F0D5E957A38FAFCF172AA /* Pods_Test.framework */,
				0A234AFA25E79E89568A74EE /* Pods_Test_TestUITests.framework */,
				6C9D85A0C698CAA1612A03C8 /* Pods_TestTests.framework */,
			);
			name = Frameworks;
			sourceTree = "<group>";
		};
		B7C9C43A42ADCC9B44A74634 /* Pods */ = {
			isa = PBXGroup;
			children = (
				63CE45F8BECDA8F2C7A11AB2 /* Pods-Test.debug.xcconfig */,
				E9DF6BB80B4570C81AA63466 /* Pods-Test.release.xcconfig */,
				D6DA13BE833C651970D29FDC /* Pods-Test-TestUITests.debug.xcconfig */,
				EE4902652107A1FF94870CF2 /* Pods-Test-TestUITests.release.xcconfig */,
				A47D2F2B9E25621BA49F5867 /* Pods-TestTests.debug.xcconfig */,
				708515239A3E6C1EB3C49AB4 /* Pods-TestTests.release.xcconfig */,
			);
			path = Pods;
			sourceTree = "<group>";
		};
/* End PBXGroup section */

/* Begin PBXNativeTarget section */
		49A596A024EB94A20056B7F4 /* Test */ = {
			isa = PBXNativeTarget;
			buildConfigurationList = 49A596CC24EB94A50056B7F4 /* Build configuration list for PBXNativeTarget "Test" */;
			buildPhases = (
				55C554FADEFE29EAA3D2B14D /* [CP] Check Pods Manifest.lock */,
				49A5969D24EB94A20056B7F4 /* Sources */,
				49A5969E24EB94A20056B7F4 /* Frameworks */,
				49A5969F24EB94A20056B7F4 /* Resources */,
				411216E68A81F815EB04677E /* [CP] Copy Pods Resources */,
			);
			buildRules = (
			);
			dependencies = (
			);
			name = Test;
			productName = Test;
			productReference = 49A596A124EB94A20056B7F4 /* Test.app */;
			productType = "com.apple.product-type.application";
		};
		49A596B724EB94A50056B7F4 /* TestTests */ = {
			isa = PBXNativeTarget;
			buildConfigurationList = 49A596CF24EB94A50056B7F4 /* Build configuration list for PBXNativeTarget "TestTests" */;
			buildPhases = (
				16B3242B554C80574D673C18 /* [CP] Check Pods Manifest.lock */,
				49A596B424EB94A50056B7F4 /* Sources */,
				49A596B524EB94A50056B7F4 /* Frameworks */,
				49A596B624EB94A50056B7F4 /* Resources */,
			);
			buildRules = (
			);
			dependencies = (
				49A596BA24EB94A50056B7F4 /* PBXTargetDependency */,
			);
			name = TestTests;
			productName = TestTests;
			productReference = 49A596B824EB94A50056B7F4 /* TestTests.xctest */;
			productType = "com.apple.product-type.bundle.unit-test";
		};
		49A596C224EB94A50056B7F4 /* TestUITests */ = {
			isa = PBXNativeTarget;
			buildConfigurationList = 49A596D224EB94A50056B7F4 /* Build configuration list for PBXNativeTarget "TestUITests" */;
			buildPhases = (
				B7E2C5E038AC94D7F109F208 /* [CP] Check Pods Manifest.lock */,
				49A596BF24EB94A50056B7F4 /* Sources */,
				49A596C024EB94A50056B7F4 /* Frameworks */,
				49A596C124EB94A50056B7F4 /* Resources */,
				790FC530DD731EBA2AC46171 /* [CP] Copy Pods Resources */,
			);
			buildRules = (
			);
			dependencies = (
				49A596C524EB94A50056B7F4 /* PBXTargetDependency */,
			);
			name = TestUITests;
			productName = TestUITests;
			productReference = 49A596C324EB94A50056B7F4 /* TestUITests.xctest */;
			productType = "com.apple.product-type.bundle.ui-testing";
		};
/* End PBXNativeTarget section */

/* Begin PBXProject section */
		49A5969924EB94A20056B7F4 /* Project object */ = {
			isa = PBXProject;
			attributes = {
				LastSwiftUpdateCheck = 1030;
				LastUpgradeCheck = 1030;
				ORGANIZATIONNAME = Ojas;
				TargetAttributes = {
					49A596A024EB94A20056B7F4 = {
						CreatedOnToolsVersion = 10.3;
					};
					49A596B724EB94A50056B7F4 = {
						CreatedOnToolsVersion = 10.3;
						TestTargetID = 49A596A024EB94A20056B7F4;
					};
					49A596C224EB94A50056B7F4 = {
						CreatedOnToolsVersion = 10.3;
						TestTargetID = 49A596A024EB94A20056B7F4;
					};
				};
			};
			buildConfigurationList = 49A5969C24EB94A20056B7F4 /* Build configuration list for PBXProject "Test" */;
			compatibilityVersion = "Xcode 9.3";
			developmentRegion = en;
			hasScannedForEncodings = 0;
			knownRegions = (
				en,
				Base,
			);
			mainGroup = 49A5969824EB94A20056B7F4;
			productRefGroup = 49A596A224EB94A20056B7F4 /* Products */;
			projectDirPath = "";
			projectRoot = "";
			targets = (
				49A596A024EB94A20056B7F4 /* Test */,
				49A596B724EB94A50056B7F4 /* TestTests */,
				49A596C224EB94A50056B7F4 /* TestUITests */,
			);
		};
/* End PBXProject section */

/* Begin PBXResourcesBuildPhase section */
		49A5969F24EB94A20056B7F4 /* Resources */ = {
			isa = PBXResourcesBuildPhase;
			buildActionMask = 2147483647;
			files = (
				49A596B224EB94A50056B7F4 /* LaunchScreen.storyboard in Resources */,
				49A596AF24EB94A50056B7F4 /* Assets.xcassets in Resources */,
				49A596AA24EB94A20056B7F4 /* Main.storyboard in Resources */,
			);
			runOnlyForDeploymentPostprocessing = 0;
		};
		49A596B624EB94A50056B7F4 /* Resources */ = {
			isa = PBXResourcesBuildPhase;
			buildActionMask = 2147483647;
			files = (
			);
			runOnlyForDeploymentPostprocessing = 0;
		};
		49A596C124EB94A50056B7F4 /* Resources */ = {
			isa = PBXResourcesBuildPhase;
			buildActionMask = 2147483647;
			files = (
			);
			runOnlyForDeploymentPostprocessing = 0;
		};
/* End PBXResourcesBuildPhase section */

/* Begin PBXShellScriptBuildPhase section */
		16B3242B554C80574D673C18 /* [CP] Check Pods Manifest.lock */ = {
			isa = PBXShellScriptBuildPhase;
			buildActionMask = 2147483647;
			files = (
			);
			inputFileListPaths = (
			);
			inputPaths = (
				"${PODS_PODFILE_DIR_PATH}/Podfile.lock",
				"${PODS_ROOT}/Manifest.lock",
			);
			name = "[CP] Check Pods Manifest.lock";
			outputFileListPaths = (
			);
			outputPaths = (
				"$(DERIVED_FILE_DIR)/Pods-TestTests-checkManifestLockResult.txt",
			);
			runOnlyForDeploymentPostprocessing = 0;
			shellPath = /bin/sh;
			shellScript = "diff \"${PODS_PODFILE_DIR_PATH}/Podfile.lock\" \"${PODS_ROOT}/Manifest.lock\" > /dev/null\nif [ $? != 0 ] ; then\n    # print error to STDERR\n    echo \"error: The sandbox is not in sync with the Podfile.lock. Run 'pod install' or update your CocoaPods installation.\" >&2\n    exit 1\nfi\n# This output is used by Xcode 'outputs' to avoid re-running this script phase.\necho \"SUCCESS\" > \"${SCRIPT_OUTPUT_FILE_0}\"\n";
			showEnvVarsInLog = 0;
		};
		411216E68A81F815EB04677E /* [CP] Copy Pods Resources */ = {
			isa = PBXShellScriptBuildPhase;
			buildActionMask = 2147483647;
			files = (
			);
			inputFileListPaths = (
				"${PODS_ROOT}/Target Support Files/Pods-Test/Pods-Test-resources-${CONFIGURATION}-input-files.xcfilelist",
			);
			name = "[CP] Copy Pods Resources";
			outputFileListPaths = (
				"${PODS_ROOT}/Target Support Files/Pods-Test/Pods-Test-resources-${CONFIGURATION}-output-files.xcfilelist",
			);
			runOnlyForDeploymentPostprocessing = 0;
			shellPath = /bin/sh;
			shellScript = "\"${PODS_ROOT}/Target Support Files/Pods-Test/Pods-Test-resources.sh\"\n";
			showEnvVarsInLog = 0;
		};
		55C554FADEFE29EAA3D2B14D /* [CP] Check Pods Manifest.lock */ = {
			isa = PBXShellScriptBuildPhase;
			buildActionMask = 2147483647;
			files = (
			);
			inputFileListPaths = (
			);
			inputPaths = (
				"${PODS_PODFILE_DIR_PATH}/Podfile.lock",
				"${PODS_ROOT}/Manifest.lock",
			);
			name = "[CP] Check Pods Manifest.lock";
			outputFileListPaths = (
			);
			outputPaths = (
				"$(DERIVED_FILE_DIR)/Pods-Test-checkManifestLockResult.txt",
			);
			runOnlyForDeploymentPostprocessing = 0;
			shellPath = /bin/sh;
			shellScript = "diff \"${PODS_PODFILE_DIR_PATH}/Podfile.lock\" \"${PODS_ROOT}/Manifest.lock\" > /dev/null\nif [ $? != 0 ] ; then\n    # print error to STDERR\n    echo \"error: The sandbox is not in sync with the Podfile.lock. Run 'pod install' or update your CocoaPods installation.\" >&2\n    exit 1\nfi\n# This output is used by Xcode 'outputs' to avoid re-running this script phase.\necho \"SUCCESS\" > \"${SCRIPT_OUTPUT_FILE_0}\"\n";
			showEnvVarsInLog = 0;
		};
		790FC530DD731EBA2AC46171 /* [CP] Copy Pods Resources */ = {
			isa = PBXShellScriptBuildPhase;
			buildActionMask = 2147483647;
			files = (
			);
			inputFileListPaths = (
				"${PODS_ROOT}/Target Support Files/Pods-Test-TestUITests/Pods-Test-TestUITests-resources-${CONFIGURATION}-input-files.xcfilelist",
			);
			name = "[CP] Copy Pods Resources";
			outputFileListPaths = (
				"${PODS_ROOT}/Target Support Files/Pods-Test-TestUITests/Pods-Test-TestUITests-resources-${CONFIGURATION}-output-files.xcfilelist",
			);
			runOnlyForDeploymentPostprocessing = 0;
			shellPath = /bin/sh;
			shellScript = "\"${PODS_ROOT}/Target Support Files/Pods-Test-TestUITests/Pods-Test-TestUITests-resources.sh\"\n";
			showEnvVarsInLog = 0;
		};
		B7E2C5E038AC94D7F109F208 /* [CP] Check Pods Manifest.lock */ = {
			isa = PBXShellScriptBuildPhase;
			buildActionMask = 2147483647;
			files = (
			);
			inputFileListPaths = (
			);
			inputPaths = (
				"${PODS_PODFILE_DIR_PATH}/Podfile.lock",
				"${PODS_ROOT}/Manifest.lock",
			);
			name = "[CP] Check Pods Manifest.lock";
			outputFileListPaths = (
			);
			outputPaths = (
				"$(DERIVED_FILE_DIR)/Pods-Test-TestUITests-checkManifestLockResult.txt",
			);
			runOnlyForDeploymentPostprocessing = 0;
			shellPath = /bin/sh;
			shellScript = "diff \"${PODS_PODFILE_DIR_PATH}/Podfile.lock\" \"${PODS_ROOT}/Manifest.lock\" > /dev/null\nif [ $? != 0 ] ; then\n    # print error to STDERR\n    echo \"error: The sandbox is not in sync with the Podfile.lock. Run 'pod install' or update your CocoaPods installation.\" >&2\n    exit 1\nfi\n# This output is used by Xcode 'outputs' to avoid re-running this script phase.\necho \"SUCCESS\" > \"${SCRIPT_OUTPUT_FILE_0}\"\n";
			showEnvVarsInLog = 0;
		};
/* End PBXShellScriptBuildPhase section */

/* Begin PBXSourcesBuildPhase section */
		49A5969D24EB94A20056B7F4 /* Sources */ = {
			isa = PBXSourcesBuildPhase;
			buildActionMask = 2147483647;
			files = (
				49A596A724EB94A20056B7F4 /* ViewController.swift in Sources */,
				49A596A524EB94A20056B7F4 /* AppDelegate.swift in Sources */,
				49A596AD24EB94A20056B7F4 /* Test.xcdatamodeld in Sources */,
			);
			runOnlyForDeploymentPostprocessing = 0;
		};
		49A596B424EB94A50056B7F4 /* Sources */ = {
			isa = PBXSourcesBuildPhase;
			buildActionMask = 2147483647;
			files = (
				49A596BD24EB94A50056B7F4 /* TestTests.swift in Sources */,
			);
			runOnlyForDeploymentPostprocessing = 0;
		};
		49A596BF24EB94A50056B7F4 /* Sources */ = {
			isa = PBXSourcesBuildPhase;
			buildActionMask = 2147483647;
			files = (
				49A596C824EB94A50056B7F4 /* TestUITests.swift in Sources */,
			);
			runOnlyForDeploymentPostprocessing = 0;
		};
/* End PBXSourcesBuildPhase section */

/* Begin PBXTargetDependency section */
		49A596BA24EB94A50056B7F4 /* PBXTargetDependency */ = {
			isa = PBXTargetDependency;
			target = 49A596A024EB94A20056B7F4 /* Test */;
			targetProxy = 49A596B924EB94A50056B7F4 /* PBXContainerItemProxy */;
		};
		49A596C524EB94A50056B7F4 /* PBXTargetDependency */ = {
			isa = PBXTargetDependency;
			target = 49A596A024EB94A20056B7F4 /* Test */;
			targetProxy = 49A596C424EB94A50056B7F4 /* PBXContainerItemProxy */;
		};
/* End PBXTargetDependency section */

/* Begin PBXVariantGroup section */
		49A596A824EB94A20056B7F4 /* Main.storyboard */ = {
			isa = PBXVariantGroup;
			children = (
				49A596A924EB94A20056B7F4 /* Base */,
			);
			name = Main.storyboard;
			sourceTree = "<group>";
		};
		49A596B024EB94A50056B7F4 /* LaunchScreen.storyboard */ = {
			isa = PBXVariantGroup;
			children = (
				49A596B124EB94A50056B7F4 /* Base */,
			);
			name = LaunchScreen.storyboard;
			sourceTree = "<group>";
		};
/* End PBXVariantGroup section */

/* Begin XCBuildConfiguration section */
		49A596CA24EB94A50056B7F4 /* Debug */ = {
			isa = XCBuildConfiguration;
			buildSettings = {
				ALWAYS_SEARCH_USER_PATHS = NO;
				CLANG_ANALYZER_NONNULL = YES;
				CLANG_ANALYZER_NUMBER_OBJECT_CONVERSION = YES_AGGRESSIVE;
				CLANG_CXX_LANGUAGE_STANDARD = "gnu++14";
				CLANG_CXX_LIBRARY = "libc++";
				CLANG_ENABLE_MODULES = YES;
				CLANG_ENABLE_OBJC_ARC = YES;
				CLANG_ENABLE_OBJC_WEAK = YES;
				CLANG_WARN_BLOCK_CAPTURE_AUTORELEASING = YES;
				CLANG_WARN_BOOL_CONVERSION = YES;
				CLANG_WARN_COMMA = YES;
				CLANG_WARN_CONSTANT_CONVERSION = YES;
				CLANG_WARN_DEPRECATED_OBJC_IMPLEMENTATIONS = YES;
				CLANG_WARN_DIRECT_OBJC_ISA_USAGE = YES_ERROR;
				CLANG_WARN_DOCUMENTATION_COMMENTS = YES;
				CLANG_WARN_EMPTY_BODY = YES;
				CLANG_WARN_ENUM_CONVERSION = YES;
				CLANG_WARN_INFINITE_RECURSION = YES;
				CLANG_WARN_INT_CONVERSION = YES;
				CLANG_WARN_NON_LITERAL_NULL_CONVERSION = YES;
				CLANG_WARN_OBJC_IMPLICIT_RETAIN_SELF = YES;
				CLANG_WARN_OBJC_LITERAL_CONVERSION = YES;
				CLANG_WARN_OBJC_ROOT_CLASS = YES_ERROR;
				CLANG_WARN_RANGE_LOOP_ANALYSIS = YES;
				CLANG_WARN_STRICT_PROTOTYPES = YES;
				CLANG_WARN_SUSPICIOUS_MOVE = YES;
				CLANG_WARN_UNGUARDED_AVAILABILITY = YES_AGGRESSIVE;
				CLANG_WARN_UNREACHABLE_CODE = YES;
				CLANG_WARN__DUPLICATE_METHOD_MATCH = YES;
				CODE_SIGN_IDENTITY = "iPhone Developer";
				COPY_PHASE_STRIP = NO;
				DEBUG_INFORMATION_FORMAT = dwarf;
				ENABLE_STRICT_OBJC_MSGSEND = YES;
				ENABLE_TESTABILITY = YES;
				GCC_C_LANGUAGE_STANDARD = gnu11;
				GCC_DYNAMIC_NO_PIC = NO;
				GCC_NO_COMMON_BLOCKS = YES;
				GCC_OPTIMIZATION_LEVEL = 0;
				GCC_PREPROCESSOR_DEFINITIONS = (
					"DEBUG=1",
					"$(inherited)",
				);
				GCC_WARN_64_TO_32_BIT_CONVERSION = NO;
				GCC_WARN_ABOUT_RETURN_TYPE = YES_ERROR;
				GCC_WARN_UNDECLARED_SELECTOR = YES;
				GCC_WARN_UNINITIALIZED_AUTOS = YES_AGGRESSIVE;
				GCC_WARN_UNUSED_FUNCTION = YES;
				GCC_WARN_UNUSED_VARIABLE = YES;
				IPHONEOS_DEPLOYMENT_TARGET = 12.4;
				MTL_ENABLE_DEBUG_INFO = INCLUDE_SOURCE;
				MTL_FAST_MATH = YES;
				ONLY_ACTIVE_ARCH = YES;
				SDKROOT = iphoneos;
				SWIFT_ACTIVE_COMPILATION_CONDITIONS = DEBUG;
				SWIFT_OPTIMIZATION_LEVEL = "-Onone";
			};
			name = Debug;
		};
		49A596CB24EB94A50056B7F4 /* Release */ = {
			isa = XCBuildConfiguration;
			buildSettings = {
				ALWAYS_SEARCH_USER_PATHS = NO;
				CLANG_ANALYZER_NONNULL = YES;
				CLANG_ANALYZER_NUMBER_OBJECT_CONVERSION = YES_AGGRESSIVE;
				CLANG_CXX_LANGUAGE_STANDARD = "gnu++14";
				CLANG_CXX_LIBRARY = "libc++";
				CLANG_ENABLE_MODULES = YES;
				CLANG_ENABLE_OBJC_ARC = YES;
				CLANG_ENABLE_OBJC_WEAK = YES;
				CLANG_WARN_BLOCK_CAPTURE_AUTORELEASING = YES;
				CLANG_WARN_BOOL_CONVERSION = YES;
				CLANG_WARN_COMMA = YES;
				CLANG_WARN_CONSTANT_CONVERSION = YES;
				CLANG_WARN_DEPRECATED_OBJC_IMPLEMENTATIONS = YES;
				CLANG_WARN_DIRECT_OBJC_ISA_USAGE = YES_ERROR;
				CLANG_WARN_DOCUMENTATION_COMMENTS = YES;
				CLANG_WARN_EMPTY_BODY = YES;
				CLANG_WARN_ENUM_CONVERSION = YES;
				CLANG_WARN_INFINITE_RECURSION = YES;
				CLANG_WARN_INT_CONVERSION = YES;
				CLANG_WARN_NON_LITERAL_NULL_CONVERSION = YES;
				CLANG_WARN_OBJC_IMPLICIT_RETAIN_SELF = YES;
				CLANG_WARN_OBJC_LITERAL_CONVERSION = YES;
				CLANG_WARN_OBJC_ROOT_CLASS = YES_ERROR;
				CLANG_WARN_RANGE_LOOP_ANALYSIS = YES;
				CLANG_WARN_STRICT_PROTOTYPES = YES;
				CLANG_WARN_SUSPICIOUS_MOVE = YES;
				CLANG_WARN_UNGUARDED_AVAILABILITY = YES_AGGRESSIVE;
				CLANG_WARN_UNREACHABLE_CODE = YES;
				CLANG_WARN__DUPLICATE_METHOD_MATCH = YES;
				CODE_SIGN_IDENTITY = "iPhone Developer";
				COPY_PHASE_STRIP = NO;
				DEBUG_INFORMATION_FORMAT = "dwarf-with-dsym";
				ENABLE_NS_ASSERTIONS = NO;
				ENABLE_STRICT_OBJC_MSGSEND = YES;
				GCC_C_LANGUAGE_STANDARD = gnu11;
				GCC_NO_COMMON_BLOCKS = YES;
				GCC_WARN_64_TO_32_BIT_CONVERSION = NO;
				"GCC_WARN_64_TO_32_BIT_CONVERSION[arch=*64]" = NO;
				"GCC_WARN_64_TO_32_BIT_CONVERSION[sdk=iphoneos12.4][arch=*64]" = NO;
				GCC_WARN_ABOUT_RETURN_TYPE = YES_ERROR;
				GCC_WARN_UNDECLARED_SELECTOR = YES;
				GCC_WARN_UNINITIALIZED_AUTOS = YES_AGGRESSIVE;
				GCC_WARN_UNUSED_FUNCTION = YES;
				GCC_WARN_UNUSED_VARIABLE = YES;
				IPHONEOS_DEPLOYMENT_TARGET = 12.4;
				MTL_ENABLE_DEBUG_INFO = NO;
				MTL_FAST_MATH = YES;
				SDKROOT = iphoneos;
				SWIFT_COMPILATION_MODE = wholemodule;
				SWIFT_OPTIMIZATION_LEVEL = "-O";
				VALIDATE_PRODUCT = YES;
			};
			name = Release;
		};
		49A596CD24EB94A50056B7F4 /* Debug */ = {
			isa = XCBuildConfiguration;
			baseConfigurationReference = 63CE45F8BECDA8F2C7A11AB2 /* Pods-Test.debug.xcconfig */;
			buildSettings = {
				ASSETCATALOG_COMPILER_APPICON_NAME = AppIcon;
				CODE_SIGN_IDENTITY = "iPhone Developer";
				CODE_SIGN_STYLE = Automatic;
				DEVELOPMENT_TEAM = D943H7HZKT;
				"GCC_WARN_64_TO_32_BIT_CONVERSION[sdk=iphoneos12.4][arch=*64]" = NO;
				INFOPLIST_FILE = Test/Info.plist;
				LD_RUNPATH_SEARCH_PATHS = (
					"$(inherited)",
					"@executable_path/Frameworks",
				);
				PRODUCT_BUNDLE_IDENTIFIER = com.ojas.Test;
				PRODUCT_NAME = "$(TARGET_NAME)";
				PROVISIONING_PROFILE_SPECIFIER = "";
				SWIFT_VERSION = 5.0;
				TARGETED_DEVICE_FAMILY = "1,2";
			};
			name = Debug;
		};
		49A596CE24EB94A50056B7F4 /* Release */ = {
			isa = XCBuildConfiguration;
			baseConfigurationReference = E9DF6BB80B4570C81AA63466 /* Pods-Test.release.xcconfig */;
			buildSettings = {
				ASSETCATALOG_COMPILER_APPICON_NAME = AppIcon;
				CODE_SIGN_IDENTITY = "iPhone Developer";
				CODE_SIGN_STYLE = Automatic;
				DEVELOPMENT_TEAM = D943H7HZKT;
				"GCC_WARN_64_TO_32_BIT_CONVERSION[arch=*64]" = NO;
				INFOPLIST_FILE = Test/Info.plist;
				LD_RUNPATH_SEARCH_PATHS = (
					"$(inherited)",
					"@executable_path/Frameworks",
				);
				PRODUCT_BUNDLE_IDENTIFIER = com.ojas.Test;
				PRODUCT_NAME = "$(TARGET_NAME)";
				PROVISIONING_PROFILE_SPECIFIER = "";
				SWIFT_VERSION = 5.0;
				TARGETED_DEVICE_FAMILY = "1,2";
			};
			name = Release;
		};
		49A596D024EB94A50056B7F4 /* Debug */ = {
			isa = XCBuildConfiguration;
			baseConfigurationReference = A47D2F2B9E25621BA49F5867 /* Pods-TestTests.debug.xcconfig */;
			buildSettings = {
				ALWAYS_EMBED_SWIFT_STANDARD_LIBRARIES = YES;
				BUNDLE_LOADER = "$(TEST_HOST)";
				CODE_SIGN_STYLE = Automatic;
				INFOPLIST_FILE = TestTests/Info.plist;
				LD_RUNPATH_SEARCH_PATHS = (
					"$(inherited)",
					"@executable_path/Frameworks",
					"@loader_path/Frameworks",
				);
				PRODUCT_BUNDLE_IDENTIFIER = com.ojas.TestTests;
				PRODUCT_NAME = "$(TARGET_NAME)";
				SWIFT_VERSION = 5.0;
				TARGETED_DEVICE_FAMILY = "1,2";
				TEST_HOST = "$(BUILT_PRODUCTS_DIR)/Test.app/Test";
			};
			name = Debug;
		};
		49A596D124EB94A50056B7F4 /* Release */ = {
			isa = XCBuildConfiguration;
			baseConfigurationReference = 708515239A3E6C1EB3C49AB4 /* Pods-TestTests.release.xcconfig */;
			buildSettings = {
				ALWAYS_EMBED_SWIFT_STANDARD_LIBRARIES = YES;
				BUNDLE_LOADER = "$(TEST_HOST)";
				CODE_SIGN_STYLE = Automatic;
				INFOPLIST_FILE = TestTests/Info.plist;
				LD_RUNPATH_SEARCH_PATHS = (
					"$(inherited)",
					"@executable_path/Frameworks",
					"@loader_path/Frameworks",
				);
				PRODUCT_BUNDLE_IDENTIFIER = com.ojas.TestTests;
				PRODUCT_NAME = "$(TARGET_NAME)";
				SWIFT_VERSION = 5.0;
				TARGETED_DEVICE_FAMILY = "1,2";
				TEST_HOST = "$(BUILT_PRODUCTS_DIR)/Test.app/Test";
			};
			name = Release;
		};
		49A596D324EB94A50056B7F4 /* Debug */ = {
			isa = XCBuildConfiguration;
			baseConfigurationReference = D6DA13BE833C651970D29FDC /* Pods-Test-TestUITests.debug.xcconfig */;
			buildSettings = {
				ALWAYS_EMBED_SWIFT_STANDARD_LIBRARIES = YES;
				CODE_SIGN_STYLE = Automatic;
				INFOPLIST_FILE = TestUITests/Info.plist;
				LD_RUNPATH_SEARCH_PATHS = (
					"$(inherited)",
					"@executable_path/Frameworks",
					"@loader_path/Frameworks",
				);
				PRODUCT_BUNDLE_IDENTIFIER = com.ojas.TestUITests;
				PRODUCT_NAME = "$(TARGET_NAME)";
				SWIFT_VERSION = 5.0;
				TARGETED_DEVICE_FAMILY = "1,2";
				TEST_TARGET_NAME = Test;
			};
			name = Debug;
		};
		49A596D424EB94A50056B7F4 /* Release */ = {
			isa = XCBuildConfiguration;
			baseConfigurationReference = EE4902652107A1FF94870CF2 /* Pods-Test-TestUITests.release.xcconfig */;
			buildSettings = {
				ALWAYS_EMBED_SWIFT_STANDARD_LIBRARIES = YES;
				CODE_SIGN_STYLE = Automatic;
				INFOPLIST_FILE = TestUITests/Info.plist;
				LD_RUNPATH_SEARCH_PATHS = (
					"$(inherited)",
					"@executable_path/Frameworks",
					"@loader_path/Frameworks",
				);
				PRODUCT_BUNDLE_IDENTIFIER = com.ojas.TestUITests;
				PRODUCT_NAME = "$(TARGET_NAME)";
				SWIFT_VERSION = 5.0;
				TARGETED_DEVICE_FAMILY = "1,2";
				TEST_TARGET_NAME = Test;
			};
			name = Release;
		};
/* End XCBuildConfiguration section */

/* Begin XCConfigurationList section */
		49A5969C24EB94A20056B7F4 /* Build configuration list for PBXProject "Test" */ = {
			isa = XCConfigurationList;
			buildConfigurations = (
				49A596CA24EB94A50056B7F4 /* Debug */,
				49A596CB24EB94A50056B7F4 /* Release */,
			);
			defaultConfigurationIsVisible = 0;
			defaultConfigurationName = Release;
		};
		49A596CC24EB94A50056B7F4 /* Build configuration list for PBXNativeTarget "Test" */ = {
			isa = XCConfigurationList;
			buildConfigurations = (
				49A596CD24EB94A50056B7F4 /* Debug */,
				49A596CE24EB94A50056B7F4 /* Release */,
			);
			defaultConfigurationIsVisible = 0;
			defaultConfigurationName = Release;
		};
		49A596CF24EB94A50056B7F4 /* Build configuration list for PBXNativeTarget "TestTests" */ = {
			isa = XCConfigurationList;
			buildConfigurations = (
				49A596D024EB94A50056B7F4 /* Debug */,
				49A596D124EB94A50056B7F4 /* Release */,
			);
			defaultConfigurationIsVisible = 0;
			defaultConfigurationName = Release;
		};
		49A596D224EB94A50056B7F4 /* Build configuration list for PBXNativeTarget "TestUITests" */ = {
			isa = XCConfigurationList;
			buildConfigurations = (
				49A596D324EB94A50056B7F4 /* Debug */,
				49A596D424EB94A50056B7F4 /* Release */,
			);
			defaultConfigurationIsVisible = 0;
			defaultConfigurationName = Release;
		};
/* End XCConfigurationList section */

/* Begin XCVersionGroup section */
		49A596AB24EB94A20056B7F4 /* Test.xcdatamodeld */ = {
			isa = XCVersionGroup;
			children = (
				49A596AC24EB94A20056B7F4 /* Test.xcdatamodel */,
			);
			currentVersion = 49A596AC24EB94A20056B7F4 /* Test.xcdatamodel */;
			path = Test.xcdatamodeld;
			sourceTree = "<group>";
			versionGroupType = wrapper.xcdatamodel;
		};
/* End XCVersionGroup section */
	};
	rootObject = 49A5969924EB94A20056B7F4 /* Project object */;
}
